
Microsoft Visual Studio Solution File, Format Version 12.00
# Visual Studio Version 17
VisualStudioVersion = 17.5.002.0
MinimumVisualStudioVersion = 10.0.40219.1
Project("{9A19103F-16F7-4668-BE54-9A1E7A4F7556}") = "colorin", "colorin.csproj", "{9BAD08E3-1488-48C6-AF15-548D6F349EDD}"
EndProject
Global
	GlobalSection(SolutionConfigurationPlatforms) = preSolution
		Debug|Any CPU = Debug|Any CPU
		Release|Any CPU = Release|Any CPU
	EndGlobalSection
	GlobalSection(ProjectConfigurationPlatforms) = postSolution
		{9BAD08E3-1488-48C6-AF15-548D6F349EDD}.Debug|Any CPU.ActiveCfg = Debug|Any CPU
		{9BAD08E3-1488-48C6-AF15-548D6F349EDD}.Debug|Any CPU.Build.0 = Debug|Any CPU
		{9BAD08E3-1488-48C6-AF15-548D6F349EDD}.Release|Any CPU.ActiveCfg = Release|Any CPU
		{9BAD08E3-1488-48C6-AF15-548D6F349EDD}.Release|Any CPU.Build.0 = Release|Any CPU
	EndGlobalSection
	GlobalSection(SolutionProperties) = preSolution
		HideSolutionNode = FALSE
	EndGlobalSection
	GlobalSection(ExtensibilityGlobals) = postSolution
		SolutionGuid = {0BA9F384-D5BB-4C59-99C1-0CB2134C6422}
	EndGlobalSection
EndGlobal
